// !$*UTF8*$!
{
	archiveVersion = 1;
	classes = {
	};
	objectVersion = 46;
	objects = {

/* Begin PBXBuildFile section */
		78F7572AEE704969FB864E16 /* libPods.a in Frameworks */ = {isa = PBXBuildFile; fileRef = 735815D0C849E0AE4FD08245 /* libPods.a */; };
		8AC17DA61AC7366A004E6D2D /* AppDelegate.swift in Sources */ = {isa = PBXBuildFile; fileRef = 8AC17DA51AC7366A004E6D2D /* AppDelegate.swift */; };
		8AC17DA91AC7366A004E6D2D /* SwiftLikedOrNope.xcdatamodeld in Sources */ = {isa = PBXBuildFile; fileRef = 8AC17DA71AC7366A004E6D2D /* SwiftLikedOrNope.xcdatamodeld */; };
		8AC17DAE1AC7366A004E6D2D /* Main.storyboard in Resources */ = {isa = PBXBuildFile; fileRef = 8AC17DAC1AC7366A004E6D2D /* Main.storyboard */; };
		8AC17DB01AC7366A004E6D2D /* Images.xcassets in Resources */ = {isa = PBXBuildFile; fileRef = 8AC17DAF1AC7366A004E6D2D /* Images.xcassets */; };
		8AC17DB31AC7366A004E6D2D /* LaunchScreen.xib in Resources */ = {isa = PBXBuildFile; fileRef = 8AC17DB11AC7366A004E6D2D /* LaunchScreen.xib */; };
		8AC17DBF1AC7366A004E6D2D /* SwiftLikedOrNopeTests.swift in Sources */ = {isa = PBXBuildFile; fileRef = 8AC17DBE1AC7366A004E6D2D /* SwiftLikedOrNopeTests.swift */; };
		8AC17DCC1AC73756004E6D2D /* ImageLabelView.swift in Sources */ = {isa = PBXBuildFile; fileRef = 8AC17DCB1AC73756004E6D2D /* ImageLabelView.swift */; };
		8AC17DCE1AC7376B004E6D2D /* ChoosePersonView.swift in Sources */ = {isa = PBXBuildFile; fileRef = 8AC17DCD1AC7376B004E6D2D /* ChoosePersonView.swift */; };
		8AC17DD01AC7377C004E6D2D /* ChoosePersonViewController.swift in Sources */ = {isa = PBXBuildFile; fileRef = 8AC17DCF1AC7377C004E6D2D /* ChoosePersonViewController.swift */; };
		8AC17DD21AC73794004E6D2D /* Person.swift in Sources */ = {isa = PBXBuildFile; fileRef = 8AC17DD11AC73794004E6D2D /* Person.swift */; };
/* End PBXBuildFile section */

/* Begin PBXContainerItemProxy section */
		8AC17DB91AC7366A004E6D2D /* PBXContainerItemProxy */ = {
			isa = PBXContainerItemProxy;
			containerPortal = 8AC17D981AC7366A004E6D2D /* Project object */;
			proxyType = 1;
			remoteGlobalIDString = 8AC17D9F1AC7366A004E6D2D;
			remoteInfo = SwiftLikedOrNope;
		};
/* End PBXContainerItemProxy section */

/* Begin PBXFileReference section */
		735815D0C849E0AE4FD08245 /* libPods.a */ = {isa = PBXFileReference; explicitFileType = archive.ar; includeInIndex = 0; path = libPods.a; sourceTree = BUILT_PRODUCTS_DIR; };
		8AC17DA01AC7366A004E6D2D /* SwiftLikedOrNope.app */ = {isa = PBXFileReference; explicitFileType = wrapper.application; includeInIndex = 0; path = SwiftLikedOrNope.app; sourceTree = BUILT_PRODUCTS_DIR; };
		8AC17DA41AC7366A004E6D2D /* Info.plist */ = {isa = PBXFileReference; lastKnownFileType = text.plist.xml; path = Info.plist; sourceTree = "<group>"; };
		8AC17DA51AC7366A004E6D2D /* AppDelegate.swift */ = {isa = PBXFileReference; lastKnownFileType = sourcecode.swift; path = AppDelegate.swift; sourceTree = "<group>"; };
		8AC17DA81AC7366A004E6D2D /* SwiftLikedOrNope.xcdatamodel */ = {isa = PBXFileReference; lastKnownFileType = wrapper.xcdatamodel; path = SwiftLikedOrNope.xcdatamodel; sourceTree = "<group>"; };
		8AC17DAD1AC7366A004E6D2D /* Base */ = {isa = PBXFileReference; lastKnownFileType = file.storyboard; name = Base; path = Base.lproj/Main.storyboard; sourceTree = "<group>"; };
		8AC17DAF1AC7366A004E6D2D /* Images.xcassets */ = {isa = PBXFileReference; lastKnownFileType = folder.assetcatalog; path = Images.xcassets; sourceTree = "<group>"; };
		8AC17DB21AC7366A004E6D2D /* Base */ = {isa = PBXFileReference; lastKnownFileType = file.xib; name = Base; path = Base.lproj/LaunchScreen.xib; sourceTree = "<group>"; };
		8AC17DB81AC7366A004E6D2D /* SwiftLikedOrNopeTests.xctest */ = {isa = PBXFileReference; explicitFileType = wrapper.cfbundle; includeInIndex = 0; path = SwiftLikedOrNopeTests.xctest; sourceTree = BUILT_PRODUCTS_DIR; };
		8AC17DBD1AC7366A004E6D2D /* Info.plist */ = {isa = PBXFileReference; lastKnownFileType = text.plist.xml; path = Info.plist; sourceTree = "<group>"; };
		8AC17DBE1AC7366A004E6D2D /* SwiftLikedOrNopeTests.swift */ = {isa = PBXFileReference; lastKnownFileType = sourcecode.swift; path = SwiftLikedOrNopeTests.swift; sourceTree = "<group>"; };
		8AC17DCB1AC73756004E6D2D /* ImageLabelView.swift */ = {isa = PBXFileReference; fileEncoding = 4; lastKnownFileType = sourcecode.swift; path = ImageLabelView.swift; sourceTree = "<group>"; };
		8AC17DCD1AC7376B004E6D2D /* ChoosePersonView.swift */ = {isa = PBXFileReference; fileEncoding = 4; lastKnownFileType = sourcecode.swift; path = ChoosePersonView.swift; sourceTree = "<group>"; };
		8AC17DCF1AC7377C004E6D2D /* ChoosePersonViewController.swift */ = {isa = PBXFileReference; fileEncoding = 4; lastKnownFileType = sourcecode.swift; path = ChoosePersonViewController.swift; sourceTree = "<group>"; };
		8AC17DD11AC73794004E6D2D /* Person.swift */ = {isa = PBXFileReference; fileEncoding = 4; lastKnownFileType = sourcecode.swift; path = Person.swift; sourceTree = "<group>"; };
		8AC17DD31AC737AA004E6D2D /* BridgingHeader.h */ = {isa = PBXFileReference; lastKnownFileType = sourcecode.c.h; path = BridgingHeader.h; sourceTree = "<group>"; };
		A18660F0FF140586940004B0 /* Pods.debug.xcconfig */ = {isa = PBXFileReference; includeInIndex = 1; lastKnownFileType = text.xcconfig; name = Pods.debug.xcconfig; path = "Pods/Target Support Files/Pods/Pods.debug.xcconfig"; sourceTree = "<group>"; };
		E7E9727132C94671D6F39165 /* Pods.release.xcconfig */ = {isa = PBXFileReference; includeInIndex = 1; lastKnownFileType = text.xcconfig; name = Pods.release.xcconfig; path = "Pods/Target Support Files/Pods/Pods.release.xcconfig"; sourceTree = "<group>"; };
/* End PBXFileReference section */

/* Begin PBXFrameworksBuildPhase section */
		8AC17D9D1AC7366A004E6D2D /* Frameworks */ = {
			isa = PBXFrameworksBuildPhase;
			buildActionMask = 2147483647;
			files = (
				78F7572AEE704969FB864E16 /* libPods.a in Frameworks */,
			);
			runOnlyForDeploymentPostprocessing = 0;
		};
		8AC17DB51AC7366A004E6D2D /* Frameworks */ = {
			isa = PBXFrameworksBuildPhase;
			buildActionMask = 2147483647;
			files = (
			);
			runOnlyForDeploymentPostprocessing = 0;
		};
/* End PBXFrameworksBuildPhase section */

/* Begin PBXGroup section */
		21D543B5F260B03C48774AD0 /* Frameworks */ = {
			isa = PBXGroup;
			children = (
				735815D0C849E0AE4FD08245 /* libPods.a */,
			);
			name = Frameworks;
			sourceTree = "<group>";
		};
		69A5E46D3FFBEC5516090BE4 /* Pods */ = {
			isa = PBXGroup;
			children = (
				A18660F0FF140586940004B0 /* Pods.debug.xcconfig */,
				E7E9727132C94671D6F39165 /* Pods.release.xcconfig */,
			);
			name = Pods;
			sourceTree = "<group>";
		};
		8AC17D971AC7366A004E6D2D = {
			isa = PBXGroup;
			children = (
				8AC17DA21AC7366A004E6D2D /* SwiftLikedOrNope */,
				8AC17DBB1AC7366A004E6D2D /* SwiftLikedOrNopeTests */,
				8AC17DA11AC7366A004E6D2D /* Products */,
				69A5E46D3FFBEC5516090BE4 /* Pods */,
				21D543B5F260B03C48774AD0 /* Frameworks */,
			);
			sourceTree = "<group>";
		};
		8AC17DA11AC7366A004E6D2D /* Products */ = {
			isa = PBXGroup;
			children = (
				8AC17DA01AC7366A004E6D2D /* SwiftLikedOrNope.app */,
				8AC17DB81AC7366A004E6D2D /* SwiftLikedOrNopeTests.xctest */,
			);
			name = Products;
			sourceTree = "<group>";
		};
		8AC17DA21AC7366A004E6D2D /* SwiftLikedOrNope */ = {
			isa = PBXGroup;
			children = (
				8AC17DCA1AC73735004E6D2D /* Models */,
				8AC17DC91AC7372D004E6D2D /* Controllers */,
				8AC17DC81AC73728004E6D2D /* Views */,
				8AC17DA51AC7366A004E6D2D /* AppDelegate.swift */,
				8AC17DAC1AC7366A004E6D2D /* Main.storyboard */,
				8AC17DAF1AC7366A004E6D2D /* Images.xcassets */,
				8AC17DB11AC7366A004E6D2D /* LaunchScreen.xib */,
				8AC17DA71AC7366A004E6D2D /* SwiftLikedOrNope.xcdatamodeld */,
				8AC17DA31AC7366A004E6D2D /* Supporting Files */,
				8AC17DD31AC737AA004E6D2D /* BridgingHeader.h */,
			);
			path = SwiftLikedOrNope;
			sourceTree = "<group>";
		};
		8AC17DA31AC7366A004E6D2D /* Supporting Files */ = {
			isa = PBXGroup;
			children = (
				8AC17DA41AC7366A004E6D2D /* Info.plist */,
			);
			name = "Supporting Files";
			sourceTree = "<group>";
		};
		8AC17DBB1AC7366A004E6D2D /* SwiftLikedOrNopeTests */ = {
			isa = PBXGroup;
			children = (
				8AC17DBE1AC7366A004E6D2D /* SwiftLikedOrNopeTests.swift */,
				8AC17DBC1AC7366A004E6D2D /* Supporting Files */,
			);
			path = SwiftLikedOrNopeTests;
			sourceTree = "<group>";
		};
		8AC17DBC1AC7366A004E6D2D /* Supporting Files */ = {
			isa = PBXGroup;
			children = (
				8AC17DBD1AC7366A004E6D2D /* Info.plist */,
			);
			name = "Supporting Files";
			sourceTree = "<group>";
		};
		8AC17DC81AC73728004E6D2D /* Views */ = {
			isa = PBXGroup;
			children = (
				8AC17DCB1AC73756004E6D2D /* ImageLabelView.swift */,
				8AC17DCD1AC7376B004E6D2D /* ChoosePersonView.swift */,
			);
			name = Views;
			sourceTree = "<group>";
		};
		8AC17DC91AC7372D004E6D2D /* Controllers */ = {
			isa = PBXGroup;
			children = (
				8AC17DCF1AC7377C004E6D2D /* ChoosePersonViewController.swift */,
			);
			name = Controllers;
			sourceTree = "<group>";
		};
		8AC17DCA1AC73735004E6D2D /* Models */ = {
			isa = PBXGroup;
			children = (
				8AC17DD11AC73794004E6D2D /* Person.swift */,
			);
			name = Models;
			sourceTree = "<group>";
		};
/* End PBXGroup section */

/* Begin PBXNativeTarget section */
		8AC17D9F1AC7366A004E6D2D /* SwiftLikedOrNope */ = {
			isa = PBXNativeTarget;
			buildConfigurationList = 8AC17DC21AC7366A004E6D2D /* Build configuration list for PBXNativeTarget "SwiftLikedOrNope" */;
			buildPhases = (
				ED9542BEA5B879E582ADD34D /* Check Pods Manifest.lock */,
				8AC17D9C1AC7366A004E6D2D /* Sources */,
				8AC17D9D1AC7366A004E6D2D /* Frameworks */,
				8AC17D9E1AC7366A004E6D2D /* Resources */,
				00D6E888F9ACE2C401C9D7E2 /* Copy Pods Resources */,
			);
			buildRules = (
			);
			dependencies = (
			);
			name = SwiftLikedOrNope;
			productName = SwiftLikedOrNope;
			productReference = 8AC17DA01AC7366A004E6D2D /* SwiftLikedOrNope.app */;
			productType = "com.apple.product-type.application";
		};
		8AC17DB71AC7366A004E6D2D /* SwiftLikedOrNopeTests */ = {
			isa = PBXNativeTarget;
			buildConfigurationList = 8AC17DC51AC7366A004E6D2D /* Build configuration list for PBXNativeTarget "SwiftLikedOrNopeTests" */;
			buildPhases = (
				8AC17DB41AC7366A004E6D2D /* Sources */,
				8AC17DB51AC7366A004E6D2D /* Frameworks */,
				8AC17DB61AC7366A004E6D2D /* Resources */,
			);
			buildRules = (
			);
			dependencies = (
				8AC17DBA1AC7366A004E6D2D /* PBXTargetDependency */,
			);
			name = SwiftLikedOrNopeTests;
			productName = SwiftLikedOrNopeTests;
			productReference = 8AC17DB81AC7366A004E6D2D /* SwiftLikedOrNopeTests.xctest */;
			productType = "com.apple.product-type.bundle.unit-test";
		};
/* End PBXNativeTarget section */

/* Begin PBXProject section */
		8AC17D981AC7366A004E6D2D /* Project object */ = {
			isa = PBXProject;
			attributes = {
				LastUpgradeCheck = 0620;
				ORGANIZATIONNAME = "Richard Burdish";
				TargetAttributes = {
					8AC17D9F1AC7366A004E6D2D = {
						CreatedOnToolsVersion = 6.2;
					};
					8AC17DB71AC7366A004E6D2D = {
						CreatedOnToolsVersion = 6.2;
						TestTargetID = 8AC17D9F1AC7366A004E6D2D;
					};
				};
			};
			buildConfigurationList = 8AC17D9B1AC7366A004E6D2D /* Build configuration list for PBXProject "SwiftLikedOrNope" */;
			compatibilityVersion = "Xcode 3.2";
			developmentRegion = English;
			hasScannedForEncodings = 0;
			knownRegions = (
				en,
				Base,
			);
			mainGroup = 8AC17D971AC7366A004E6D2D;
			productRefGroup = 8AC17DA11AC7366A004E6D2D /* Products */;
			projectDirPath = "";
			projectRoot = "";
			targets = (
				8AC17D9F1AC7366A004E6D2D /* SwiftLikedOrNope */,
				8AC17DB71AC7366A004E6D2D /* SwiftLikedOrNopeTests */,
			);
		};
/* End PBXProject section */

/* Begin PBXResourcesBuildPhase section */
		8AC17D9E1AC7366A004E6D2D /* Resources */ = {
			isa = PBXResourcesBuildPhase;
			buildActionMask = 2147483647;
			files = (
				8AC17DAE1AC7366A004E6D2D /* Main.storyboard in Resources */,
				8AC17DB31AC7366A004E6D2D /* LaunchScreen.xib in Resources */,
				8AC17DB01AC7366A004E6D2D /* Images.xcassets in Resources */,
			);
			runOnlyForDeploymentPostprocessing = 0;
		};
		8AC17DB61AC7366A004E6D2D /* Resources */ = {
			isa = PBXResourcesBuildPhase;
			buildActionMask = 2147483647;
			files = (
			);
			runOnlyForDeploymentPostprocessing = 0;
		};
/* End PBXResourcesBuildPhase section */

/* Begin PBXShellScriptBuildPhase section */
		00D6E888F9ACE2C401C9D7E2 /* Copy Pods Resources */ = {
			isa = PBXShellScriptBuildPhase;
			buildActionMask = 2147483647;
			files = (
			);
			inputPaths = (
			);
			name = "Copy Pods Resources";
			outputPaths = (
			);
			runOnlyForDeploymentPostprocessing = 0;
			shellPath = /bin/sh;
			shellScript = "\"${SRCROOT}/Pods/Target Support Files/Pods/Pods-resources.sh\"\n";
			showEnvVarsInLog = 0;
		};
		ED9542BEA5B879E582ADD34D /* Check Pods Manifest.lock */ = {
			isa = PBXShellScriptBuildPhase;
			buildActionMask = 2147483647;
			files = (
			);
			inputPaths = (
			);
			name = "Check Pods Manifest.lock";
			outputPaths = (
			);
			runOnlyForDeploymentPostprocessing = 0;
			shellPath = /bin/sh;
			shellScript = "diff \"${PODS_ROOT}/../Podfile.lock\" \"${PODS_ROOT}/Manifest.lock\" > /dev/null\nif [[ $? != 0 ]] ; then\n    cat << EOM\nerror: The sandbox is not in sync with the Podfile.lock. Run 'pod install' or update your CocoaPods installation.\nEOM\n    exit 1\nfi\n";
			showEnvVarsInLog = 0;
		};
/* End PBXShellScriptBuildPhase section */

/* Begin PBXSourcesBuildPhase section */
		8AC17D9C1AC7366A004E6D2D /* Sources */ = {
			isa = PBXSourcesBuildPhase;
			buildActionMask = 2147483647;
			files = (
				8AC17DCE1AC7376B004E6D2D /* ChoosePersonView.swift in Sources */,
				8AC17DD01AC7377C004E6D2D /* ChoosePersonViewController.swift in Sources */,
				8AC17DCC1AC73756004E6D2D /* ImageLabelView.swift in Sources */,
				8AC17DD21AC73794004E6D2D /* Person.swift in Sources */,
				8AC17DA91AC7366A004E6D2D /* SwiftLikedOrNope.xcdatamodeld in Sources */,
				8AC17DA61AC7366A004E6D2D /* AppDelegate.swift in Sources */,
			);
			runOnlyForDeploymentPostprocessing = 0;
		};
		8AC17DB41AC7366A004E6D2D /* Sources */ = {
			isa = PBXSourcesBuildPhase;
			buildActionMask = 2147483647;
			files = (
				8AC17DBF1AC7366A004E6D2D /* SwiftLikedOrNopeTests.swift in Sources */,
			);
			runOnlyForDeploymentPostprocessing = 0;
		};
/* End PBXSourcesBuildPhase section */

/* Begin PBXTargetDependency section */
		8AC17DBA1AC7366A004E6D2D /* PBXTargetDependency */ = {
			isa = PBXTargetDependency;
			target = 8AC17D9F1AC7366A004E6D2D /* SwiftLikedOrNope */;
			targetProxy = 8AC17DB91AC7366A004E6D2D /* PBXContainerItemProxy */;
		};
/* End PBXTargetDependency section */

/* Begin PBXVariantGroup section */
		8AC17DAC1AC7366A004E6D2D /* Main.storyboard */ = {
			isa = PBXVariantGroup;
			children = (
				8AC17DAD1AC7366A004E6D2D /* Base */,
			);
			name = Main.storyboard;
			sourceTree = "<group>";
		};
		8AC17DB11AC7366A004E6D2D /* LaunchScreen.xib */ = {
			isa = PBXVariantGroup;
			children = (
				8AC17DB21AC7366A004E6D2D /* Base */,
			);
			name = LaunchScreen.xib;
			sourceTree = "<group>";
		};
/* End PBXVariantGroup section */

/* Begin XCBuildConfiguration section */
		8AC17DC01AC7366A004E6D2D /* Debug */ = {
			isa = XCBuildConfiguration;
			buildSettings = {
				ALWAYS_SEARCH_USER_PATHS = NO;
				CLANG_CXX_LANGUAGE_STANDARD = "gnu++0x";
				CLANG_CXX_LIBRARY = "libc++";
				CLANG_ENABLE_MODULES = YES;
				CLANG_ENABLE_OBJC_ARC = YES;
				CLANG_WARN_BOOL_CONVERSION = YES;
				CLANG_WARN_CONSTANT_CONVERSION = YES;
				CLANG_WARN_DIRECT_OBJC_ISA_USAGE = YES_ERROR;
				CLANG_WARN_EMPTY_BODY = YES;
				CLANG_WARN_ENUM_CONVERSION = YES;
				CLANG_WARN_INT_CONVERSION = YES;
				CLANG_WARN_OBJC_ROOT_CLASS = YES_ERROR;
				CLANG_WARN_UNREACHABLE_CODE = YES;
				CLANG_WARN__DUPLICATE_METHOD_MATCH = YES;
				"CODE_SIGN_IDENTITY[sdk=iphoneos*]" = "iPhone Developer";
				COPY_PHASE_STRIP = NO;
				ENABLE_STRICT_OBJC_MSGSEND = YES;
				GCC_C_LANGUAGE_STANDARD = gnu99;
				GCC_DYNAMIC_NO_PIC = NO;
				GCC_OPTIMIZATION_LEVEL = 0;
				GCC_PREPROCESSOR_DEFINITIONS = (
					"DEBUG=1",
					"$(inherited)",
				);
				GCC_SYMBOLS_PRIVATE_EXTERN = NO;
				GCC_WARN_64_TO_32_BIT_CONVERSION = YES;
				GCC_WARN_ABOUT_RETURN_TYPE = YES_ERROR;
				GCC_WARN_UNDECLARED_SELECTOR = YES;
				GCC_WARN_UNINITIALIZED_AUTOS = YES_AGGRESSIVE;
				GCC_WARN_UNUSED_FUNCTION = YES;
				GCC_WARN_UNUSED_VARIABLE = YES;
				IPHONEOS_DEPLOYMENT_TARGET = 8.2;
				MTL_ENABLE_DEBUG_INFO = YES;
				ONLY_ACTIVE_ARCH = YES;
				SDKROOT = iphoneos;
				SWIFT_OPTIMIZATION_LEVEL = "-Onone";
				TARGETED_DEVICE_FAMILY = "1,2";
			};
			name = Debug;
		};
		8AC17DC11AC7366A004E6D2D /* Release */ = {
			isa = XCBuildConfiguration;
			buildSettings = {
				ALWAYS_SEARCH_USER_PATHS = NO;
				CLANG_CXX_LANGUAGE_STANDARD = "gnu++0x";
				CLANG_CXX_LIBRARY = "libc++";
				CLANG_ENABLE_MODULES = YES;
				CLANG_ENABLE_OBJC_ARC = YES;
				CLANG_WARN_BOOL_CONVERSION = YES;
				CLANG_WARN_CONSTANT_CONVERSION = YES;
				CLANG_WARN_DIRECT_OBJC_ISA_USAGE = YES_ERROR;
				CLANG_WARN_EMPTY_BODY = YES;
				CLANG_WARN_ENUM_CONVERSION = YES;
				CLANG_WARN_INT_CONVERSION = YES;
				CLANG_WARN_OBJC_ROOT_CLASS = YES_ERROR;
				CLANG_WARN_UNREACHABLE_CODE = YES;
				CLANG_WARN__DUPLICATE_METHOD_MATCH = YES;
				"CODE_SIGN_IDENTITY[sdk=iphoneos*]" = "iPhone Developer";
				COPY_PHASE_STRIP = NO;
				ENABLE_NS_ASSERTIONS = NO;
				ENABLE_STRICT_OBJC_MSGSEND = YES;
				GCC_C_LANGUAGE_STANDARD = gnu99;
				GCC_WARN_64_TO_32_BIT_CONVERSION = YES;
				GCC_WARN_ABOUT_RETURN_TYPE = YES_ERROR;
				GCC_WARN_UNDECLARED_SELECTOR = YES;
				GCC_WARN_UNINITIALIZED_AUTOS = YES_AGGRESSIVE;
				GCC_WARN_UNUSED_FUNCTION = YES;
				GCC_WARN_UNUSED_VARIABLE = YES;
				IPHONEOS_DEPLOYMENT_TARGET = 8.2;
				MTL_ENABLE_DEBUG_INFO = NO;
				SDKROOT = iphoneos;
				TARGETED_DEVICE_FAMILY = "1,2";
				VALIDATE_PRODUCT = YES;
			};
			name = Release;
		};
		8AC17DC31AC7366A004E6D2D /* Debug */ = {
			isa = XCBuildConfiguration;
			baseConfigurationReference = A18660F0FF140586940004B0 /* Pods.debug.xcconfig */;
			buildSettings = {
				ASSETCATALOG_COMPILER_APPICON_NAME = AppIcon;
				INFOPLIST_FILE = SwiftLikedOrNope/Info.plist;
				LD_RUNPATH_SEARCH_PATHS = "$(inherited) @executable_path/Frameworks";
				PRODUCT_NAME = "$(TARGET_NAME)";
				SWIFT_OBJC_BRIDGING_HEADER = SwiftLikedOrNope/BridgingHeader.h;
			};
			name = Debug;
		};
		8AC17DC41AC7366A004E6D2D /* Release */ = {
			isa = XCBuildConfiguration;
			baseConfigurationReference = E7E9727132C94671D6F39165 /* Pods.release.xcconfig */;
			buildSettings = {
				ASSETCATALOG_COMPILER_APPICON_NAME = AppIcon;
				INFOPLIST_FILE = SwiftLikedOrNope/Info.plist;
				LD_RUNPATH_SEARCH_PATHS = "$(inherited) @executable_path/Frameworks";
				PRODUCT_NAME = "$(TARGET_NAME)";
				SWIFT_OBJC_BRIDGING_HEADER = SwiftLikedOrNope/BridgingHeader.h;
			};
			name = Release;
		};
		8AC17DC61AC7366A004E6D2D /* Debug */ = {
			isa = XCBuildConfiguration;
			buildSettings = {
				BUNDLE_LOADER = "$(TEST_HOST)";
				FRAMEWORK_SEARCH_PATHS = (
					"$(SDKROOT)/Developer/Library/Frameworks",
					"$(inherited)",
				);
				GCC_PREPROCESSOR_DEFINITIONS = (
					"DEBUG=1",
					"$(inherited)",
				);
				INFOPLIST_FILE = SwiftLikedOrNopeTests/Info.plist;
				LD_RUNPATH_SEARCH_PATHS = "$(inherited) @executable_path/Frameworks @loader_path/Frameworks";
				PRODUCT_NAME = "$(TARGET_NAME)";
				TEST_HOST = "$(BUILT_PRODUCTS_DIR)/SwiftLikedOrNope.app/SwiftLikedOrNope";
			};
			name = Debug;
		};
		8AC17DC71AC7366A004E6D2D /* Release */ = {
			isa = XCBuildConfiguration;
			buildSettings = {
				BUNDLE_LOADER = "$(TEST_HOST)";
				FRAMEWORK_SEARCH_PATHS = (
					"$(SDKROOT)/Developer/Library/Frameworks",
					"$(inherited)",
				);
				INFOPLIST_FILE = SwiftLikedOrNopeTests/Info.plist;
				LD_RUNPATH_SEARCH_PATHS = "$(inherited) @executable_path/Frameworks @loader_path/Frameworks";
				PRODUCT_NAME = "$(TARGET_NAME)";
				TEST_HOST = "$(BUILT_PRODUCTS_DIR)/SwiftLikedOrNope.app/SwiftLikedOrNope";
			};
			name = Release;
		};
/* End XCBuildConfiguration section */

/* Begin XCConfigurationList section */
		8AC17D9B1AC7366A004E6D2D /* Build configuration list for PBXProject "SwiftLikedOrNope" */ = {
			isa = XCConfigurationList;
			buildConfigurations = (
				8AC17DC01AC7366A004E6D2D /* Debug */,
				8AC17DC11AC7366A004E6D2D /* Release */,
			);
			defaultConfigurationIsVisible = 0;
			defaultConfigurationName = Release;
		};
		8AC17DC21AC7366A004E6D2D /* Build configuration list for PBXNativeTarget "SwiftLikedOrNope" */ = {
			isa = XCConfigurationList;
			buildConfigurations = (
				8AC17DC31AC7366A004E6D2D /* Debug */,
				8AC17DC41AC7366A004E6D2D /* Release */,
			);
			defaultConfigurationIsVisible = 0;
			defaultConfigurationName = Release;
		};
		8AC17DC51AC7366A004E6D2D /* Build configuration list for PBXNativeTarget "SwiftLikedOrNopeTests" */ = {
			isa = XCConfigurationList;
			buildConfigurations = (
				8AC17DC61AC7366A004E6D2D /* Debug */,
				8AC17DC71AC7366A004E6D2D /* Release */,
			);
			defaultConfigurationIsVisible = 0;
			defaultConfigurationName = Release;
		};
/* End XCConfigurationList section */

/* Begin XCVersionGroup section */
		8AC17DA71AC7366A004E6D2D /* SwiftLikedOrNope.xcdatamodeld */ = {
			isa = XCVersionGroup;
			children = (
				8AC17DA81AC7366A004E6D2D /* SwiftLikedOrNope.xcdatamodel */,
			);
			currentVersion = 8AC17DA81AC7366A004E6D2D /* SwiftLikedOrNope.xcdatamodel */;
			path = SwiftLikedOrNope.xcdatamodeld;
			sourceTree = "<group>";
			versionGroupType = wrapper.xcdatamodel;
		};
/* End XCVersionGroup section */
	};
	rootObject = 8AC17D981AC7366A004E6D2D /* Project object */;
}
